{
  "nodes": {
    "base16-schemes": {
      "flake": false,
      "locked": {
        "lastModified": 1696158499,
        "narHash": "sha256-5yIHgDTPjoX/3oDEfLSQ0eJZdFL1SaCfb9d6M0RmOTM=",
        "owner": "tinted-theming",
        "repo": "base16-schemes",
        "rev": "a9112eaae86d9dd8ee6bb9445b664fba2f94037a",
        "type": "github"
      },
      "original": {
        "owner": "tinted-theming",
        "repo": "base16-schemes",
        "type": "github"
      }
    },
    "firefox-addons": {
      "inputs": {
        "nixpkgs": [
          "nixpkgs"
        ]
      },
      "locked": {
        "dir": "pkgs/firefox-addons",
        "lastModified": 1778472179,
        "narHash": "sha256-mYUH8EIYO15YBYq/N4nSJvAHP/oMn/5CxkmhHN2tCBU=",
        "owner": "rycee",
        "repo": "nur-expressions",
        "rev": "5ba32df13fe1314313f7377638e6e21ff13b4485",
        "type": "gitlab"
      },
      "original": {
        "dir": "pkgs/firefox-addons",
        "owner": "rycee",
        "repo": "nur-expressions",
        "type": "gitlab"
      }
    },
    "flake-compat": {
      "flake": false,
      "locked": {
        "lastModified": 1751685974,
        "narHash": "sha256-NKw96t+BgHIYzHUjkTK95FqYRVKB8DHpVhefWSz/kTw=",
        "ref": "refs/heads/main",
        "rev": "549f2762aebeff29a2e5ece7a7dc0f955281a1d1",
        "revCount": 92,
        "type": "git",
        "url": "https://git.lix.systems/lix-project/flake-compat.git"
      },
      "original": {
        "type": "git",
        "url": "https://git.lix.systems/lix-project/flake-compat.git"
      }
    },
    "flake-parts": {
      "inputs": {
        "nixpkgs-lib": "nixpkgs-lib"
      },
      "locked": {
        "lastModified": 1772408722,
        "narHash": "sha256-rHuJtdcOjK7rAHpHphUb1iCvgkU3GpfvicLMwwnfMT0=",
        "owner": "hercules-ci",
        "repo": "flake-parts",
        "rev": "f20dc5d9b8027381c474144ecabc9034d6a839a3",
        "type": "github"
      },
      "original": {
        "owner": "hercules-ci",
        "repo": "flake-parts",
        "type": "github"
      }
    },
    "flake-parts_2": {
      "inputs": {
        "nixpkgs-lib": [
          "nvf-config",
          "nvf",
          "nixpkgs"
        ]
      },
      "locked": {
        "lastModified": 1769996383,
        "narHash": "sha256-AnYjnFWgS49RlqX7LrC4uA+sCCDBj0Ry/WOJ5XWAsa0=",
        "owner": "hercules-ci",
        "repo": "flake-parts",
        "rev": "57928607ea566b5db3ad13af0e57e921e6b12381",
        "type": "github"
      },
      "original": {
        "owner": "hercules-ci",
        "repo": "flake-parts",
        "type": "github"
      }
    },
    "focal": {
      "inputs": {
        "flake-parts": "flake-parts",
        "nixpkgs": [
          "nixpkgs"
        ],
        "systems": "systems"
      },
      "locked": {
        "lastModified": 1772623500,
        "narHash": "sha256-5T8AIsPslrqarFdHamYgledlQR4fokAeAbskVxLcD6Q=",
        "owner": "iynaix",
        "repo": "focal",
        "rev": "c994dd00be5423b1fdf406db06582d950b647262",
        "type": "github"
      },
      "original": {
        "owner": "iynaix",
        "repo": "focal",
        "type": "github"
      }
    },
    "home-manager": {
      "inputs": {
        "nixpkgs": [
          "nixpkgs"
        ]
      },
      "locked": {
        "lastModified": 1778503501,
        "narHash": "sha256-08L/X4/do7nET4rzidJ76eV/1r+mB7DchVpdPypsghc=",
        "owner": "nix-community",
        "repo": "home-manager",
        "rev": "85ba629c79449badf4338117c27f0ee92b4b9f1a",
        "type": "github"
      },
      "original": {
        "owner": "nix-community",
        "repo": "home-manager",
        "type": "github"
      }
    },
    "home-manager_2": {
      "inputs": {
        "nixpkgs": [
          "impermanence",
          "nixpkgs"
        ]
      },
      "locked": {
        "lastModified": 1768598210,
        "narHash": "sha256-kkgA32s/f4jaa4UG+2f8C225Qvclxnqs76mf8zvTVPg=",
        "owner": "nix-community",
        "repo": "home-manager",
        "rev": "c47b2cc64a629f8e075de52e4742de688f930dc6",
        "type": "github"
      },
      "original": {
        "owner": "nix-community",
        "repo": "home-manager",
        "type": "github"
      }
    },
    "impermanence": {
      "inputs": {
        "home-manager": "home-manager_2",
        "nixpkgs": "nixpkgs"
      },
      "locked": {
        "lastModified": 1769548169,
        "narHash": "sha256-03+JxvzmfwRu+5JafM0DLbxgHttOQZkUtDWBmeUkN8Y=",
        "owner": "nix-community",
        "repo": "impermanence",
        "rev": "7b1d382faf603b6d264f58627330f9faa5cba149",
        "type": "github"
      },
      "original": {
        "owner": "nix-community",
        "repo": "impermanence",
        "type": "github"
      }
    },
    "mnw": {
      "locked": {
        "lastModified": 1777828893,
        "narHash": "sha256-gVWVnmyNr74BVKfhMMZDWkhx2699dhmZ2g0W8TTHtkk=",
        "owner": "Gerg-L",
        "repo": "mnw",
        "rev": "c1c0b544bfabe6669b5a6a0383ccb475fe60258b",
        "type": "github"
      },
      "original": {
        "owner": "Gerg-L",
        "repo": "mnw",
        "type": "github"
      }
    },
    "ndg": {
      "inputs": {
        "nixpkgs": [
          "nvf-config",
          "nvf",
          "nixpkgs"
        ]
      },
      "locked": {
        "lastModified": 1776882296,
        "narHash": "sha256-DWZozXwMsgvUqfVlL1mQ8dOxW7GJ/8CdyaDN+1niZRg=",
        "owner": "feel-co",
        "repo": "ndg",
        "rev": "ab7d78d4884b3a34968cf9fa3d16c0c1246d5c6e",
        "type": "github"
      },
      "original": {
        "owner": "feel-co",
        "ref": "refs/tags/v2.6.0",
        "repo": "ndg",
        "type": "github"
      }
    },
    "nix-colors": {
      "inputs": {
        "base16-schemes": "base16-schemes",
        "nixpkgs-lib": "nixpkgs-lib_2"
      },
      "locked": {
        "lastModified": 1707825078,
        "narHash": "sha256-hTfge2J2W+42SZ7VHXkf4kjU+qzFqPeC9k66jAUBMHk=",
        "owner": "misterio77",
        "repo": "nix-colors",
        "rev": "b01f024090d2c4fc3152cd0cf12027a7b8453ba1",
        "type": "github"
      },
      "original": {
        "owner": "misterio77",
        "repo": "nix-colors",
        "type": "github"
      }
    },
    "nix-cursors": {
      "inputs": {
        "nixpkgs": [
          "nixpkgs"
        ]
      },
      "locked": {
        "lastModified": 1716041700,
        "narHash": "sha256-4jDR/KQmtsDw/nCvpy9VvWQgtc+4R4eyrb8eJSz+KCw=",
        "owner": "LilleAila",
        "repo": "nix-cursors",
        "rev": "d119b747e47a7a24660676f59c77272d664ec61e",
        "type": "github"
      },
      "original": {
        "owner": "LilleAila",
        "repo": "nix-cursors",
        "type": "github"
      }
    },
    "nixos-hardware": {
      "locked": {
        "lastModified": 1778143761,
        "narHash": "sha256-lkesY6x2X2qxlqLM7CT2iM/0rP2JB7fruPN3h8POXmI=",
        "owner": "NixOS",
        "repo": "nixos-hardware",
        "rev": "3bcaa367d4c550d687a17ac792fd5cda214ee871",
        "type": "github"
      },
      "original": {
        "owner": "NixOS",
        "ref": "master",
        "repo": "nixos-hardware",
        "type": "github"
      }
    },
    "nixpkgs": {
      "locked": {
        "lastModified": 1768564909,
        "narHash": "sha256-Kell/SpJYVkHWMvnhqJz/8DqQg2b6PguxVWOuadbHCc=",
        "owner": "nixos",
        "repo": "nixpkgs",
        "rev": "e4bae1bd10c9c57b2cf517953ab70060a828ee6f",
        "type": "github"
      },
      "original": {
        "owner": "nixos",
        "ref": "nixos-unstable",
        "repo": "nixpkgs",
        "type": "github"
      }
    },
    "nixpkgs-lib": {
      "locked": {
        "lastModified": 1772328832,
        "narHash": "sha256-e+/T/pmEkLP6BHhYjx6GmwP5ivonQQn0bJdH9YrRB+Q=",
        "owner": "nix-community",
        "repo": "nixpkgs.lib",
        "rev": "c185c7a5e5dd8f9add5b2f8ebeff00888b070742",
        "type": "github"
      },
      "original": {
        "owner": "nix-community",
        "repo": "nixpkgs.lib",
        "type": "github"
      }
    },
    "nixpkgs-lib_2": {
      "locked": {
        "lastModified": 1697935651,
        "narHash": "sha256-qOfWjQ2JQSQL15KLh6D7xQhx0qgZlYZTYlcEiRuAMMw=",
        "owner": "nix-community",
        "repo": "nixpkgs.lib",
        "rev": "e1e11fdbb01113d85c7f41cada9d2847660e3902",
        "type": "github"
      },
      "original": {
        "owner": "nix-community",
        "repo": "nixpkgs.lib",
        "type": "github"
      }
    },
    "nixpkgs_2": {
      "locked": {
        "lastModified": 1777954456,
        "narHash": "sha256-hGdgeU2Nk87RAuZyYjyDjFL6LK7dAZN5RE9+hrDTkDU=",
        "owner": "nixos",
        "repo": "nixpkgs",
        "rev": "549bd84d6279f9852cae6225e372cc67fb91a4c1",
        "type": "github"
      },
      "original": {
        "owner": "nixos",
        "ref": "nixos-unstable",
        "repo": "nixpkgs",
        "type": "github"
      }
    },
    "nvf": {
      "inputs": {
        "flake-compat": "flake-compat",
        "flake-parts": "flake-parts_2",
        "mnw": "mnw",
        "ndg": "ndg",
        "nixpkgs": [
          "nvf-config",
          "nixpkgs"
        ],
        "systems": "systems_2"
      },
      "locked": {
        "lastModified": 1778408907,
        "narHash": "sha256-QXjdRz5fssxAWDrtfBYxvjMtTqJzQAbnAmX3u22xCck=",
        "owner": "notashelf",
        "repo": "nvf",
        "rev": "e86a92e4b29b499e5f1285b737b7612115103da9",
        "type": "github"
      },
      "original": {
        "owner": "notashelf",
        "repo": "nvf",
        "type": "github"
      }
    },
    "nvf-config": {
      "inputs": {
        "nix-colors": [
          "nix-colors"
        ],
        "nixpkgs": [
          "nixpkgs"
        ],
        "nvf": "nvf"
      },
      "locked": {
        "lastModified": 1778608643,
        "narHash": "sha256-DNj2EBGYcYowUKHDT/enAUr2SECGcVZqKR1NT7FBSMw=",
        "owner": "IldenH",
        "repo": "nvf-config",
        "rev": "ac29cab680f6c1954477fc5a6c067ea1f05f6f91",
        "type": "github"
      },
      "original": {
        "owner": "IldenH",
        "repo": "nvf-config",
        "type": "github"
      }
    },
    "root": {
      "inputs": {
        "firefox-addons": "firefox-addons",
        "focal": "focal",
        "home-manager": "home-manager",
        "impermanence": "impermanence",
        "nix-colors": "nix-colors",
        "nix-cursors": "nix-cursors",
        "nixos-hardware": "nixos-hardware",
        "nixpkgs": "nixpkgs_2",
        "nvf-config": "nvf-config",
        "wl-screenrec-daemon": "wl-screenrec-daemon"
      }
    },
    "systems": {
      "locked": {
        "lastModified": 1689347949,
        "narHash": "sha256-12tWmuL2zgBgZkdoB6qXZsgJEH9LR3oUgpaQq2RbI80=",
        "owner": "nix-systems",
        "repo": "default-linux",
        "rev": "31732fcf5e8fea42e59c2488ad31a0e651500f68",
        "type": "github"
      },
      "original": {
        "owner": "nix-systems",
        "repo": "default-linux",
        "type": "github"
      }
    },
    "systems_2": {
      "locked": {
        "lastModified": 1681028828,
        "narHash": "sha256-Vy1rq5AaRuLzOxct8nz4T6wlgyUR7zLU309k9mBC768=",
        "owner": "nix-systems",
        "repo": "default",
        "rev": "da67096a3b9bf56a91d16901293e51ba5b49a27e",
        "type": "github"
      },
      "original": {
        "owner": "nix-systems",
        "repo": "default",
        "type": "github"
      }
    },
    "wl-screenrec-daemon": {
      "inputs": {
        "nixpkgs": [
          "nixpkgs"
        ],
        "wl-screenrec-src": "wl-screenrec-src"
      },
      "locked": {
        "lastModified": 1731395314,
        "narHash": "sha256-PxJJ5PZQmqhsdqKtEVViXLA4DZeJWoWdVCLQJeyb5gY=",
        "owner": "LilleAila",
        "repo": "wl-screenrec-daemon",
        "rev": "343fa3e2324ad9a3479186a8fbdc6857e0d1cccf",
        "type": "github"
      },
      "original": {
        "owner": "LilleAila",
        "repo": "wl-screenrec-daemon",
        "type": "github"
      }
    },
    "wl-screenrec-src": {
      "flake": false,
      "locked": {
        "lastModified": 1731195031,
        "narHash": "sha256-cEz7Mhpp5dxM96NdOK9gzko5IEw9jgEouozhjE4yRm0=",
        "owner": "russelltg",
        "repo": "wl-screenrec",
        "rev": "76d39d8d0c60f2d3965d1a61c251d735d35da7e0",
        "type": "github"
      },
      "original": {
        "owner": "russelltg",
        "ref": "russell/reconnect_on_lost_output",
        "repo": "wl-screenrec",
        "type": "github"
      }
    }
  },
  "root": "root",
  "version": 7
}
